
Microsoft Visual Studio Solution File, Format Version 12.00
# Visual Studio Version 16
VisualStudioVersion = 16.0.29020.237
MinimumVisualStudioVersion = 10.0.40219.1
Project("{FAE04EC0-301F-11D3-BF4B-00C04F79EFBC}") = "CRMdemo", "CRMdemo\CRMdemo.csproj", "{9E8E2FCA-3F8A-4C4E-A807-14FFCE16CDBD}"
EndProject
Global
	GlobalSection(SolutionConfigurationPlatforms) = preSolution
		Debug|Any CPU = Debug|Any CPU
		Release|Any CPU = Release|Any CPU
	EndGlobalSection
	GlobalSection(ProjectConfigurationPlatforms) = postSolution
		{9E8E2FCA-3F8A-4C4E-A807-14FFCE16CDBD}.Debug|Any CPU.ActiveCfg = Debug|Any CPU
		{9E8E2FCA-3F8A-4C4E-A807-14FFCE16CDBD}.Debug|Any CPU.Build.0 = Debug|Any CPU
		{9E8E2FCA-3F8A-4C4E-A807-14FFCE16CDBD}.Release|Any CPU.ActiveCfg = Release|Any CPU
		{9E8E2FCA-3F8A-4C4E-A807-14FFCE16CDBD}.Release|Any CPU.Build.0 = Release|Any CPU
	EndGlobalSection
	GlobalSection(SolutionProperties) = preSolution
		HideSolutionNode = FALSE
	EndGlobalSection
	GlobalSection(ExtensibilityGlobals) = postSolution
		SolutionGuid = {B5A4CC89-B907-473F-BB02-8A19F88D773B}
	EndGlobalSection
EndGlobal
